
Microsoft Visual Studio Solution File, Format Version 11.00
# Visual Studio 2010
Project("{FAE04EC0-301F-11D3-BF4B-00C04F79EFBC}") = "Router", "Router\Router.csproj", "{BEFFBADB-8ADE-478F-89FE-D9AB7C854977}"
EndProject
Project("{FAE04EC0-301F-11D3-BF4B-00C04F79EFBC}") = "Common", "lib\Common\Common.csproj", "{C322EA1D-E3DB-4BBA-94F7-2EBD0362C87F}"
EndProject
Project("{FAE04EC0-301F-11D3-BF4B-00C04F79EFBC}") = "Startup", "Startup\Startup.csproj", "{E7A8901C-6456-499B-95A2-887201985E1E}"
EndProject
Project("{FAE04EC0-301F-11D3-BF4B-00C04F79EFBC}") = "Vocale", "lib\Vocale\Vocale.csproj", "{3EA51627-F13E-42F9-9AAE-D301CA934DAA}"
EndProject
Project("{FAE04EC0-301F-11D3-BF4B-00C04F79EFBC}") = "Server", "lib\Alchemy\Server.csproj", "{45486CDE-86A3-4769-952F-E0821BF79493}"
EndProject
Project("{2150E333-8FDC-42A3-9474-1A3956D46DE8}") = "lib", "lib", "{43BB3695-12BD-414C-935E-8DA2A1678BD4}"
EndProject
Project("{2150E333-8FDC-42A3-9474-1A3956D46DE8}") = "Alchemy", "Alchemy", "{EB51EB7F-22DC-4836-BB05-E4CAAC533334}"
EndProject
Global
	GlobalSection(SolutionConfigurationPlatforms) = preSolution
		Debug|Any CPU = Debug|Any CPU
		Debug|Mixed Platforms = Debug|Mixed Platforms
		Debug|x64 = Debug|x64
		Debug|x86 = Debug|x86
		Release|Any CPU = Release|Any CPU
		Release|Mixed Platforms = Release|Mixed Platforms
		Release|x64 = Release|x64
		Release|x86 = Release|x86
	EndGlobalSection
	GlobalSection(ProjectConfigurationPlatforms) = postSolution
		{BEFFBADB-8ADE-478F-89FE-D9AB7C854977}.Debug|Any CPU.ActiveCfg = Debug|x86
		{BEFFBADB-8ADE-478F-89FE-D9AB7C854977}.Debug|Mixed Platforms.ActiveCfg = Debug|x86
		{BEFFBADB-8ADE-478F-89FE-D9AB7C854977}.Debug|Mixed Platforms.Build.0 = Debug|x86
		{BEFFBADB-8ADE-478F-89FE-D9AB7C854977}.Debug|x64.ActiveCfg = Debug|x64
		{BEFFBADB-8ADE-478F-89FE-D9AB7C854977}.Debug|x64.Build.0 = Debug|x64
		{BEFFBADB-8ADE-478F-89FE-D9AB7C854977}.Debug|x86.ActiveCfg = Debug|x86
		{BEFFBADB-8ADE-478F-89FE-D9AB7C854977}.Debug|x86.Build.0 = Debug|x86
		{BEFFBADB-8ADE-478F-89FE-D9AB7C854977}.Release|Any CPU.ActiveCfg = Release|x86
		{BEFFBADB-8ADE-478F-89FE-D9AB7C854977}.Release|Mixed Platforms.ActiveCfg = Release|x86
		{BEFFBADB-8ADE-478F-89FE-D9AB7C854977}.Release|Mixed Platforms.Build.0 = Release|x86
		{BEFFBADB-8ADE-478F-89FE-D9AB7C854977}.Release|x64.ActiveCfg = Release|x64
		{BEFFBADB-8ADE-478F-89FE-D9AB7C854977}.Release|x64.Build.0 = Release|x64
		{BEFFBADB-8ADE-478F-89FE-D9AB7C854977}.Release|x86.ActiveCfg = Release|x86
		{BEFFBADB-8ADE-478F-89FE-D9AB7C854977}.Release|x86.Build.0 = Release|x86
		{C322EA1D-E3DB-4BBA-94F7-2EBD0362C87F}.Debug|Any CPU.ActiveCfg = Debug|Any CPU
		{C322EA1D-E3DB-4BBA-94F7-2EBD0362C87F}.Debug|Any CPU.Build.0 = Debug|Any CPU
		{C322EA1D-E3DB-4BBA-94F7-2EBD0362C87F}.Debug|Mixed Platforms.ActiveCfg = Debug|Any CPU
		{C322EA1D-E3DB-4BBA-94F7-2EBD0362C87F}.Debug|Mixed Platforms.Build.0 = Debug|Any CPU
		{C322EA1D-E3DB-4BBA-94F7-2EBD0362C87F}.Debug|x64.ActiveCfg = Debug|Any CPU
		{C322EA1D-E3DB-4BBA-94F7-2EBD0362C87F}.Debug|x64.Build.0 = Debug|Any CPU
		{C322EA1D-E3DB-4BBA-94F7-2EBD0362C87F}.Debug|x86.ActiveCfg = Debug|Any CPU
		{C322EA1D-E3DB-4BBA-94F7-2EBD0362C87F}.Debug|x86.Build.0 = Debug|Any CPU
		{C322EA1D-E3DB-4BBA-94F7-2EBD0362C87F}.Release|Any CPU.ActiveCfg = Release|Any CPU
		{C322EA1D-E3DB-4BBA-94F7-2EBD0362C87F}.Release|Any CPU.Build.0 = Release|Any CPU
		{C322EA1D-E3DB-4BBA-94F7-2EBD0362C87F}.Release|Mixed Platforms.ActiveCfg = Release|Any CPU
		{C322EA1D-E3DB-4BBA-94F7-2EBD0362C87F}.Release|Mixed Platforms.Build.0 = Release|Any CPU
		{C322EA1D-E3DB-4BBA-94F7-2EBD0362C87F}.Release|x64.ActiveCfg = Release|Any CPU
		{C322EA1D-E3DB-4BBA-94F7-2EBD0362C87F}.Release|x64.Build.0 = Release|Any CPU
		{C322EA1D-E3DB-4BBA-94F7-2EBD0362C87F}.Release|x86.ActiveCfg = Release|Any CPU
		{C322EA1D-E3DB-4BBA-94F7-2EBD0362C87F}.Release|x86.Build.0 = Release|Any CPU
		{E7A8901C-6456-499B-95A2-887201985E1E}.Debug|Any CPU.ActiveCfg = Debug|x86
		{E7A8901C-6456-499B-95A2-887201985E1E}.Debug|Mixed Platforms.ActiveCfg = Debug|x86
		{E7A8901C-6456-499B-95A2-887201985E1E}.Debug|Mixed Platforms.Build.0 = Debug|x86
		{E7A8901C-6456-499B-95A2-887201985E1E}.Debug|x64.ActiveCfg = Debug|x64
		{E7A8901C-6456-499B-95A2-887201985E1E}.Debug|x64.Build.0 = Debug|x64
		{E7A8901C-6456-499B-95A2-887201985E1E}.Debug|x86.ActiveCfg = Debug|x86
		{E7A8901C-6456-499B-95A2-887201985E1E}.Debug|x86.Build.0 = Debug|x86
		{E7A8901C-6456-499B-95A2-887201985E1E}.Release|Any CPU.ActiveCfg = Release|x86
		{E7A8901C-6456-499B-95A2-887201985E1E}.Release|Mixed Platforms.ActiveCfg = Release|x86
		{E7A8901C-6456-499B-95A2-887201985E1E}.Release|Mixed Platforms.Build.0 = Release|x86
		{E7A8901C-6456-499B-95A2-887201985E1E}.Release|x64.ActiveCfg = Release|x64
		{E7A8901C-6456-499B-95A2-887201985E1E}.Release|x64.Build.0 = Release|x64
		{E7A8901C-6456-499B-95A2-887201985E1E}.Release|x86.ActiveCfg = Release|x86
		{E7A8901C-6456-499B-95A2-887201985E1E}.Release|x86.Build.0 = Release|x86
		{3EA51627-F13E-42F9-9AAE-D301CA934DAA}.Debug|Any CPU.ActiveCfg = Debug|Any CPU
		{3EA51627-F13E-42F9-9AAE-D301CA934DAA}.Debug|Any CPU.Build.0 = Debug|Any CPU
		{3EA51627-F13E-42F9-9AAE-D301CA934DAA}.Debug|Mixed Platforms.ActiveCfg = Debug|Any CPU
		{3EA51627-F13E-42F9-9AAE-D301CA934DAA}.Debug|Mixed Platforms.Build.0 = Debug|Any CPU
		{3EA51627-F13E-42F9-9AAE-D301CA934DAA}.Debug|x64.ActiveCfg = Debug|Any CPU
		{3EA51627-F13E-42F9-9AAE-D301CA934DAA}.Debug|x64.Build.0 = Debug|Any CPU
		{3EA51627-F13E-42F9-9AAE-D301CA934DAA}.Debug|x86.ActiveCfg = Debug|Any CPU
		{3EA51627-F13E-42F9-9AAE-D301CA934DAA}.Debug|x86.Build.0 = Debug|Any CPU
		{3EA51627-F13E-42F9-9AAE-D301CA934DAA}.Release|Any CPU.ActiveCfg = Release|Any CPU
		{3EA51627-F13E-42F9-9AAE-D301CA934DAA}.Release|Any CPU.Build.0 = Release|Any CPU
		{3EA51627-F13E-42F9-9AAE-D301CA934DAA}.Release|Mixed Platforms.ActiveCfg = Release|Any CPU
		{3EA51627-F13E-42F9-9AAE-D301CA934DAA}.Release|Mixed Platforms.Build.0 = Release|Any CPU
		{3EA51627-F13E-42F9-9AAE-D301CA934DAA}.Release|x64.ActiveCfg = Release|Any CPU
		{3EA51627-F13E-42F9-9AAE-D301CA934DAA}.Release|x64.Build.0 = Release|Any CPU
		{3EA51627-F13E-42F9-9AAE-D301CA934DAA}.Release|x86.ActiveCfg = Release|Any CPU
		{3EA51627-F13E-42F9-9AAE-D301CA934DAA}.Release|x86.Build.0 = Release|Any CPU
		{45486CDE-86A3-4769-952F-E0821BF79493}.Debug|Any CPU.ActiveCfg = Debug|Any CPU
		{45486CDE-86A3-4769-952F-E0821BF79493}.Debug|Any CPU.Build.0 = Debug|Any CPU
		{45486CDE-86A3-4769-952F-E0821BF79493}.Debug|Mixed Platforms.ActiveCfg = Debug|Any CPU
		{45486CDE-86A3-4769-952F-E0821BF79493}.Debug|Mixed Platforms.Build.0 = Debug|Any CPU
		{45486CDE-86A3-4769-952F-E0821BF79493}.Debug|x64.ActiveCfg = Debug|Any CPU
		{45486CDE-86A3-4769-952F-E0821BF79493}.Debug|x64.Build.0 = Debug|Any CPU
		{45486CDE-86A3-4769-952F-E0821BF79493}.Debug|x86.ActiveCfg = Debug|Any CPU
		{45486CDE-86A3-4769-952F-E0821BF79493}.Debug|x86.Build.0 = Debug|Any CPU
		{45486CDE-86A3-4769-952F-E0821BF79493}.Release|Any CPU.ActiveCfg = Release|Any CPU
		{45486CDE-86A3-4769-952F-E0821BF79493}.Release|Any CPU.Build.0 = Release|Any CPU
		{45486CDE-86A3-4769-952F-E0821BF79493}.Release|Mixed Platforms.ActiveCfg = Release|Any CPU
		{45486CDE-86A3-4769-952F-E0821BF79493}.Release|Mixed Platforms.Build.0 = Release|Any CPU
		{45486CDE-86A3-4769-952F-E0821BF79493}.Release|x64.ActiveCfg = Release|Any CPU
		{45486CDE-86A3-4769-952F-E0821BF79493}.Release|x64.Build.0 = Release|Any CPU
		{45486CDE-86A3-4769-952F-E0821BF79493}.Release|x86.ActiveCfg = Release|Any CPU
		{45486CDE-86A3-4769-952F-E0821BF79493}.Release|x86.Build.0 = Release|Any CPU
	EndGlobalSection
	GlobalSection(SolutionProperties) = preSolution
		HideSolutionNode = FALSE
	EndGlobalSection
	GlobalSection(NestedProjects) = preSolution
		{3EA51627-F13E-42F9-9AAE-D301CA934DAA} = {43BB3695-12BD-414C-935E-8DA2A1678BD4}
		{EB51EB7F-22DC-4836-BB05-E4CAAC533334} = {43BB3695-12BD-414C-935E-8DA2A1678BD4}
		{C322EA1D-E3DB-4BBA-94F7-2EBD0362C87F} = {43BB3695-12BD-414C-935E-8DA2A1678BD4}
		{45486CDE-86A3-4769-952F-E0821BF79493} = {EB51EB7F-22DC-4836-BB05-E4CAAC533334}
	EndGlobalSection
EndGlobal
